// !$*UTF8*$!
{
	archiveVersion = 1;
	classes = {
	};
	objectVersion = 46;
	objects = {

/* Begin PBXBuildFile section */
		3C9CBF8419F18F970066F4E6 /* greenbox@2x.png in Resources */ = {isa = PBXBuildFile; fileRef = 3C9CBF7719F18F970066F4E6 /* greenbox@2x.png */; };
		3C9CBF8519F18F970066F4E6 /* orangebox@2x.png in Resources */ = {isa = PBXBuildFile; fileRef = 3C9CBF7819F18F970066F4E6 /* orangebox@2x.png */; };
		3C9CBF8619F18F970066F4E6 /* RecessionTipsViewController.m in Sources */ = {isa = PBXBuildFile; fileRef = 3C9CBF7B19F18F970066F4E6 /* RecessionTipsViewController.m */; };
		3C9CBF8719F18F970066F4E6 /* RecessionTipModel.m in Sources */ = {isa = PBXBuildFile; fileRef = 3C9CBF7E19F18F970066F4E6 /* RecessionTipModel.m */; };
		3C9CBF8819F18F970066F4E6 /* RecessionTipsParser.m in Sources */ = {isa = PBXBuildFile; fileRef = 3C9CBF8019F18F970066F4E6 /* RecessionTipsParser.m */; };
		3C9CBF8919F18F970066F4E6 /* RecessionTipCell.m in Sources */ = {isa = PBXBuildFile; fileRef = 3C9CBF8319F18F970066F4E6 /* RecessionTipCell.m */; };
		3C9F0D8E19F129F70092AAF3 /* main.m in Sources */ = {isa = PBXBuildFile; fileRef = 3C9F0D8D19F129F70092AAF3 /* main.m */; };
		3C9F0D9119F129F70092AAF3 /* AppDelegate.m in Sources */ = {isa = PBXBuildFile; fileRef = 3C9F0D9019F129F70092AAF3 /* AppDelegate.m */; };
		3C9F0D9719F129F70092AAF3 /* Main.storyboard in Resources */ = {isa = PBXBuildFile; fileRef = 3C9F0D9519F129F70092AAF3 /* Main.storyboard */; };
		3C9F0D9919F129F70092AAF3 /* Images.xcassets in Resources */ = {isa = PBXBuildFile; fileRef = 3C9F0D9819F129F70092AAF3 /* Images.xcassets */; };
		3C9F0D9C19F129F70092AAF3 /* LaunchScreen.xib in Resources */ = {isa = PBXBuildFile; fileRef = 3C9F0D9A19F129F70092AAF3 /* LaunchScreen.xib */; };
		3C9F0DA819F129F70092AAF3 /* MyJSONExampliTests.m in Sources */ = {isa = PBXBuildFile; fileRef = 3C9F0DA719F129F70092AAF3 /* MyJSONExampliTests.m */; };
		3C9F0DB319F12A6B0092AAF3 /* TableViewController.m in Sources */ = {isa = PBXBuildFile; fileRef = 3C9F0DB219F12A6B0092AAF3 /* TableViewController.m */; };
		3C9F0DB819F12B670092AAF3 /* StudentObjectModel.m in Sources */ = {isa = PBXBuildFile; fileRef = 3C9F0DB719F12B670092AAF3 /* StudentObjectModel.m */; };
		3C9F0DBB19F12D470092AAF3 /* StudentParser.m in Sources */ = {isa = PBXBuildFile; fileRef = 3C9F0DBA19F12D470092AAF3 /* StudentParser.m */; };
/* End PBXBuildFile section */

/* Begin PBXContainerItemProxy section */
		3C9F0DA219F129F70092AAF3 /* PBXContainerItemProxy */ = {
			isa = PBXContainerItemProxy;
			containerPortal = 3C9F0D8019F129F70092AAF3 /* Project object */;
			proxyType = 1;
			remoteGlobalIDString = 3C9F0D8719F129F70092AAF3;
			remoteInfo = MyJSONExampli;
		};
/* End PBXContainerItemProxy section */

/* Begin PBXFileReference section */
		3C9CBF7719F18F970066F4E6 /* greenbox@2x.png */ = {isa = PBXFileReference; lastKnownFileType = image.png; path = "greenbox@2x.png"; sourceTree = "<group>"; };
		3C9CBF7819F18F970066F4E6 /* orangebox@2x.png */ = {isa = PBXFileReference; lastKnownFileType = image.png; path = "orangebox@2x.png"; sourceTree = "<group>"; };
		3C9CBF7A19F18F970066F4E6 /* RecessionTipsViewController.h */ = {isa = PBXFileReference; fileEncoding = 4; lastKnownFileType = sourcecode.c.h; path = RecessionTipsViewController.h; sourceTree = "<group>"; };
		3C9CBF7B19F18F970066F4E6 /* RecessionTipsViewController.m */ = {isa = PBXFileReference; fileEncoding = 4; lastKnownFileType = sourcecode.c.objc; path = RecessionTipsViewController.m; sourceTree = "<group>"; };
		3C9CBF7D19F18F970066F4E6 /* RecessionTipModel.h */ = {isa = PBXFileReference; fileEncoding = 4; lastKnownFileType = sourcecode.c.h; path = RecessionTipModel.h; sourceTree = "<group>"; };
		3C9CBF7E19F18F970066F4E6 /* RecessionTipModel.m */ = {isa = PBXFileReference; fileEncoding = 4; lastKnownFileType = sourcecode.c.objc; path = RecessionTipModel.m; sourceTree = "<group>"; };
		3C9CBF7F19F18F970066F4E6 /* RecessionTipsParser.h */ = {isa = PBXFileReference; fileEncoding = 4; lastKnownFileType = sourcecode.c.h; path = RecessionTipsParser.h; sourceTree = "<group>"; };
		3C9CBF8019F18F970066F4E6 /* RecessionTipsParser.m */ = {isa = PBXFileReference; fileEncoding = 4; lastKnownFileType = sourcecode.c.objc; path = RecessionTipsParser.m; sourceTree = "<group>"; };
		3C9CBF8219F18F970066F4E6 /* RecessionTipCell.h */ = {isa = PBXFileReference; fileEncoding = 4; lastKnownFileType = sourcecode.c.h; path = RecessionTipCell.h; sourceTree = "<group>"; };
		3C9CBF8319F18F970066F4E6 /* RecessionTipCell.m */ = {isa = PBXFileReference; fileEncoding = 4; lastKnownFileType = sourcecode.c.objc; path = RecessionTipCell.m; sourceTree = "<group>"; };
		3C9F0D8819F129F70092AAF3 /* MyJSONExampli.app */ = {isa = PBXFileReference; explicitFileType = wrapper.application; includeInIndex = 0; path = MyJSONExampli.app; sourceTree = BUILT_PRODUCTS_DIR; };
		3C9F0D8C19F129F70092AAF3 /* Info.plist */ = {isa = PBXFileReference; lastKnownFileType = text.plist.xml; path = Info.plist; sourceTree = "<group>"; };
		3C9F0D8D19F129F70092AAF3 /* main.m */ = {isa = PBXFileReference; lastKnownFileType = sourcecode.c.objc; path = main.m; sourceTree = "<group>"; };
		3C9F0D8F19F129F70092AAF3 /* AppDelegate.h */ = {isa = PBXFileReference; lastKnownFileType = sourcecode.c.h; path = AppDelegate.h; sourceTree = "<group>"; };
		3C9F0D9019F129F70092AAF3 /* AppDelegate.m */ = {isa = PBXFileReference; lastKnownFileType = sourcecode.c.objc; path = AppDelegate.m; sourceTree = "<group>"; };
		3C9F0D9619F129F70092AAF3 /* Base */ = {isa = PBXFileReference; lastKnownFileType = file.storyboard; name = Base; path = Base.lproj/Main.storyboard; sourceTree = "<group>"; };
		3C9F0D9819F129F70092AAF3 /* Images.xcassets */ = {isa = PBXFileReference; lastKnownFileType = folder.assetcatalog; path = Images.xcassets; sourceTree = "<group>"; };
		3C9F0D9B19F129F70092AAF3 /* Base */ = {isa = PBXFileReference; lastKnownFileType = file.xib; name = Base; path = Base.lproj/LaunchScreen.xib; sourceTree = "<group>"; };
		3C9F0DA119F129F70092AAF3 /* MyJSONExampliTests.xctest */ = {isa = PBXFileReference; explicitFileType = wrapper.cfbundle; includeInIndex = 0; path = MyJSONExampliTests.xctest; sourceTree = BUILT_PRODUCTS_DIR; };
		3C9F0DA619F129F70092AAF3 /* Info.plist */ = {isa = PBXFileReference; lastKnownFileType = text.plist.xml; path = Info.plist; sourceTree = "<group>"; };
		3C9F0DA719F129F70092AAF3 /* MyJSONExampliTests.m */ = {isa = PBXFileReference; lastKnownFileType = sourcecode.c.objc; path = MyJSONExampliTests.m; sourceTree = "<group>"; };
		3C9F0DB119F12A6B0092AAF3 /* TableViewController.h */ = {isa = PBXFileReference; fileEncoding = 4; lastKnownFileType = sourcecode.c.h; name = TableViewController.h; path = ../TableViewController.h; sourceTree = "<group>"; };
		3C9F0DB219F12A6B0092AAF3 /* TableViewController.m */ = {isa = PBXFileReference; fileEncoding = 4; lastKnownFileType = sourcecode.c.objc; name = TableViewController.m; path = ../TableViewController.m; sourceTree = "<group>"; };
		3C9F0DB619F12B670092AAF3 /* StudentObjectModel.h */ = {isa = PBXFileReference; fileEncoding = 4; lastKnownFileType = sourcecode.c.h; path = StudentObjectModel.h; sourceTree = "<group>"; };
		3C9F0DB719F12B670092AAF3 /* StudentObjectModel.m */ = {isa = PBXFileReference; fileEncoding = 4; lastKnownFileType = sourcecode.c.objc; path = StudentObjectModel.m; sourceTree = "<group>"; };
		3C9F0DB919F12D470092AAF3 /* StudentParser.h */ = {isa = PBXFileReference; fileEncoding = 4; lastKnownFileType = sourcecode.c.h; path = StudentParser.h; sourceTree = "<group>"; };
		3C9F0DBA19F12D470092AAF3 /* StudentParser.m */ = {isa = PBXFileReference; fileEncoding = 4; lastKnownFileType = sourcecode.c.objc; path = StudentParser.m; sourceTree = "<group>"; };
/* End PBXFileReference section */

/* Begin PBXFrameworksBuildPhase section */
		3C9F0D8519F129F70092AAF3 /* Frameworks */ = {
			isa = PBXFrameworksBuildPhase;
			buildActionMask = 2147483647;
			files = (
			);
			runOnlyForDeploymentPostprocessing = 0;
		};
		3C9F0D9E19F129F70092AAF3 /* Frameworks */ = {
			isa = PBXFrameworksBuildPhase;
			buildActionMask = 2147483647;
			files = (
			);
			runOnlyForDeploymentPostprocessing = 0;
		};
/* End PBXFrameworksBuildPhase section */

/* Begin PBXGroup section */
		3C9CBF7519F18F970066F4E6 /* JSONWebService */ = {
			isa = PBXGroup;
			children = (
				3C9CBF7619F18F970066F4E6 /* CellBG */,
				3C9CBF7919F18F970066F4E6 /* Controller */,
				3C9CBF7C19F18F970066F4E6 /* Model */,
				3C9CBF8119F18F970066F4E6 /* View */,
			);
			path = JSONWebService;
			sourceTree = "<group>";
		};
		3C9CBF7619F18F970066F4E6 /* CellBG */ = {
			isa = PBXGroup;
			children = (
				3C9CBF7719F18F970066F4E6 /* greenbox@2x.png */,
				3C9CBF7819F18F970066F4E6 /* orangebox@2x.png */,
			);
			path = CellBG;
			sourceTree = "<group>";
		};
		3C9CBF7919F18F970066F4E6 /* Controller */ = {
			isa = PBXGroup;
			children = (
				3C9CBF7A19F18F970066F4E6 /* RecessionTipsViewController.h */,
				3C9CBF7B19F18F970066F4E6 /* RecessionTipsViewController.m */,
			);
			path = Controller;
			sourceTree = "<group>";
		};
		3C9CBF7C19F18F970066F4E6 /* Model */ = {
			isa = PBXGroup;
			children = (
				3C9CBF7D19F18F970066F4E6 /* RecessionTipModel.h */,
				3C9CBF7E19F18F970066F4E6 /* RecessionTipModel.m */,
				3C9CBF7F19F18F970066F4E6 /* RecessionTipsParser.h */,
				3C9CBF8019F18F970066F4E6 /* RecessionTipsParser.m */,
			);
			path = Model;
			sourceTree = "<group>";
		};
		3C9CBF8119F18F970066F4E6 /* View */ = {
			isa = PBXGroup;
			children = (
				3C9CBF8219F18F970066F4E6 /* RecessionTipCell.h */,
				3C9CBF8319F18F970066F4E6 /* RecessionTipCell.m */,
			);
			path = View;
			sourceTree = "<group>";
		};
		3C9F0D7F19F129F70092AAF3 = {
			isa = PBXGroup;
			children = (
				3C9F0D8A19F129F70092AAF3 /* MyJSONExampli */,
				3C9F0DA419F129F70092AAF3 /* MyJSONExampliTests */,
				3C9F0D8919F129F70092AAF3 /* Products */,
			);
			sourceTree = "<group>";
		};
		3C9F0D8919F129F70092AAF3 /* Products */ = {
			isa = PBXGroup;
			children = (
				3C9F0D8819F129F70092AAF3 /* MyJSONExampli.app */,
				3C9F0DA119F129F70092AAF3 /* MyJSONExampliTests.xctest */,
			);
			name = Products;
			sourceTree = "<group>";
		};
		3C9F0D8A19F129F70092AAF3 /* MyJSONExampli */ = {
			isa = PBXGroup;
			children = (
				3C9CBF7519F18F970066F4E6 /* JSONWebService */,
				3C9F0D8F19F129F70092AAF3 /* AppDelegate.h */,
				3C9F0D9019F129F70092AAF3 /* AppDelegate.m */,
				3C9F0D9519F129F70092AAF3 /* Main.storyboard */,
				3C9F0DB519F12B0E0092AAF3 /* Model */,
				3C9F0DB419F12ADD0092AAF3 /* View */,
				3C9F0D9819F129F70092AAF3 /* Images.xcassets */,
				3C9F0D9A19F129F70092AAF3 /* LaunchScreen.xib */,
				3C9F0D8B19F129F70092AAF3 /* Supporting Files */,
			);
			path = MyJSONExampli;
			sourceTree = "<group>";
		};
		3C9F0D8B19F129F70092AAF3 /* Supporting Files */ = {
			isa = PBXGroup;
			children = (
				3C9F0D8C19F129F70092AAF3 /* Info.plist */,
				3C9F0D8D19F129F70092AAF3 /* main.m */,
			);
			name = "Supporting Files";
			sourceTree = "<group>";
		};
		3C9F0DA419F129F70092AAF3 /* MyJSONExampliTests */ = {
			isa = PBXGroup;
			children = (
				3C9F0DA719F129F70092AAF3 /* MyJSONExampliTests.m */,
				3C9F0DA519F129F70092AAF3 /* Supporting Files */,
			);
			path = MyJSONExampliTests;
			sourceTree = "<group>";
		};
		3C9F0DA519F129F70092AAF3 /* Supporting Files */ = {
			isa = PBXGroup;
			children = (
				3C9F0DA619F129F70092AAF3 /* Info.plist */,
			);
			name = "Supporting Files";
			sourceTree = "<group>";
		};
		3C9F0DB419F12ADD0092AAF3 /* View */ = {
			isa = PBXGroup;
			children = (
				3C9F0DB119F12A6B0092AAF3 /* TableViewController.h */,
				3C9F0DB219F12A6B0092AAF3 /* TableViewController.m */,
			);
			name = View;
			sourceTree = "<group>";
		};
		3C9F0DB519F12B0E0092AAF3 /* Model */ = {
			isa = PBXGroup;
			children = (
				3C9F0DB619F12B670092AAF3 /* StudentObjectModel.h */,
				3C9F0DB719F12B670092AAF3 /* StudentObjectModel.m */,
				3C9F0DB919F12D470092AAF3 /* StudentParser.h */,
				3C9F0DBA19F12D470092AAF3 /* StudentParser.m */,
			);
			name = Model;
			sourceTree = "<group>";
		};
/* End PBXGroup section */

/* Begin PBXNativeTarget section */
		3C9F0D8719F129F70092AAF3 /* MyJSONExampli */ = {
			isa = PBXNativeTarget;
			buildConfigurationList = 3C9F0DAB19F129F70092AAF3 /* Build configuration list for PBXNativeTarget "MyJSONExampli" */;
			buildPhases = (
				3C9F0D8419F129F70092AAF3 /* Sources */,
				3C9F0D8519F129F70092AAF3 /* Frameworks */,
				3C9F0D8619F129F70092AAF3 /* Resources */,
			);
			buildRules = (
			);
			dependencies = (
			);
			name = MyJSONExampli;
			productName = MyJSONExampli;
			productReference = 3C9F0D8819F129F70092AAF3 /* MyJSONExampli.app */;
			productType = "com.apple.product-type.application";
		};
		3C9F0DA019F129F70092AAF3 /* MyJSONExampliTests */ = {
			isa = PBXNativeTarget;
			buildConfigurationList = 3C9F0DAE19F129F70092AAF3 /* Build configuration list for PBXNativeTarget "MyJSONExampliTests" */;
			buildPhases = (
				3C9F0D9D19F129F70092AAF3 /* Sources */,
				3C9F0D9E19F129F70092AAF3 /* Frameworks */,
				3C9F0D9F19F129F70092AAF3 /* Resources */,
			);
			buildRules = (
			);
			dependencies = (
				3C9F0DA319F129F70092AAF3 /* PBXTargetDependency */,
			);
			name = MyJSONExampliTests;
			productName = MyJSONExampliTests;
			productReference = 3C9F0DA119F129F70092AAF3 /* MyJSONExampliTests.xctest */;
			productType = "com.apple.product-type.bundle.unit-test";
		};
/* End PBXNativeTarget section */

/* Begin PBXProject section */
		3C9F0D8019F129F70092AAF3 /* Project object */ = {
			isa = PBXProject;
			attributes = {
				LastUpgradeCheck = 0600;
				ORGANIZATIONNAME = Alkhaleej;
				TargetAttributes = {
					3C9F0D8719F129F70092AAF3 = {
						CreatedOnToolsVersion = 6.0.1;
					};
					3C9F0DA019F129F70092AAF3 = {
						CreatedOnToolsVersion = 6.0.1;
						TestTargetID = 3C9F0D8719F129F70092AAF3;
					};
				};
			};
			buildConfigurationList = 3C9F0D8319F129F70092AAF3 /* Build configuration list for PBXProject "MyJSONExampli" */;
			compatibilityVersion = "Xcode 3.2";
			developmentRegion = English;
			hasScannedForEncodings = 0;
			knownRegions = (
				en,
				Base,
			);
			mainGroup = 3C9F0D7F19F129F70092AAF3;
			productRefGroup = 3C9F0D8919F129F70092AAF3 /* Products */;
			projectDirPath = "";
			projectRoot = "";
			targets = (
				3C9F0D8719F129F70092AAF3 /* MyJSONExampli */,
				3C9F0DA019F129F70092AAF3 /* MyJSONExampliTests */,
			);
		};
/* End PBXProject section */

/* Begin PBXResourcesBuildPhase section */
		3C9F0D8619F129F70092AAF3 /* Resources */ = {
			isa = PBXResourcesBuildPhase;
			buildActionMask = 2147483647;
			files = (
				3C9F0D9719F129F70092AAF3 /* Main.storyboard in Resources */,
				3C9F0D9C19F129F70092AAF3 /* LaunchScreen.xib in Resources */,
				3C9CBF8419F18F970066F4E6 /* greenbox@2x.png in Resources */,
				3C9F0D9919F129F70092AAF3 /* Images.xcassets in Resources */,
				3C9CBF8519F18F970066F4E6 /* orangebox@2x.png in Resources */,
			);
			runOnlyForDeploymentPostprocessing = 0;
		};
		3C9F0D9F19F129F70092AAF3 /* Resources */ = {
			isa = PBXResourcesBuildPhase;
			buildActionMask = 2147483647;
			files = (
			);
			runOnlyForDeploymentPostprocessing = 0;
		};
/* End PBXResourcesBuildPhase section */

/* Begin PBXSourcesBuildPhase section */
		3C9F0D8419F129F70092AAF3 /* Sources */ = {
			isa = PBXSourcesBuildPhase;
			buildActionMask = 2147483647;
			files = (
				3C9CBF8819F18F970066F4E6 /* RecessionTipsParser.m in Sources */,
				3C9F0DB819F12B670092AAF3 /* StudentObjectModel.m in Sources */,
				3C9F0D9119F129F70092AAF3 /* AppDelegate.m in Sources */,
				3C9F0DB319F12A6B0092AAF3 /* TableViewController.m in Sources */,
				3C9F0DBB19F12D470092AAF3 /* StudentParser.m in Sources */,
				3C9CBF8619F18F970066F4E6 /* RecessionTipsViewController.m in Sources */,
				3C9CBF8919F18F970066F4E6 /* RecessionTipCell.m in Sources */,
				3C9F0D8E19F129F70092AAF3 /* main.m in Sources */,
				3C9CBF8719F18F970066F4E6 /* RecessionTipModel.m in Sources */,
			);
			runOnlyForDeploymentPostprocessing = 0;
		};
		3C9F0D9D19F129F70092AAF3 /* Sources */ = {
			isa = PBXSourcesBuildPhase;
			buildActionMask = 2147483647;
			files = (
				3C9F0DA819F129F70092AAF3 /* MyJSONExampliTests.m in Sources */,
			);
			runOnlyForDeploymentPostprocessing = 0;
		};
/* End PBXSourcesBuildPhase section */

/* Begin PBXTargetDependency section */
		3C9F0DA319F129F70092AAF3 /* PBXTargetDependency */ = {
			isa = PBXTargetDependency;
			target = 3C9F0D8719F129F70092AAF3 /* MyJSONExampli */;
			targetProxy = 3C9F0DA219F129F70092AAF3 /* PBXContainerItemProxy */;
		};
/* End PBXTargetDependency section */

/* Begin PBXVariantGroup section */
		3C9F0D9519F129F70092AAF3 /* Main.storyboard */ = {
			isa = PBXVariantGroup;
			children = (
				3C9F0D9619F129F70092AAF3 /* Base */,
			);
			name = Main.storyboard;
			sourceTree = "<group>";
		};
		3C9F0D9A19F129F70092AAF3 /* LaunchScreen.xib */ = {
			isa = PBXVariantGroup;
			children = (
				3C9F0D9B19F129F70092AAF3 /* Base */,
			);
			name = LaunchScreen.xib;
			sourceTree = "<group>";
		};
/* End PBXVariantGroup section */

/* Begin XCBuildConfiguration section */
		3C9F0DA919F129F70092AAF3 /* Debug */ = {
			isa = XCBuildConfiguration;
			buildSettings = {
				ALWAYS_SEARCH_USER_PATHS = NO;
				CLANG_CXX_LANGUAGE_STANDARD = "gnu++0x";
				CLANG_CXX_LIBRARY = "libc++";
				CLANG_ENABLE_MODULES = YES;
				CLANG_ENABLE_OBJC_ARC = YES;
				CLANG_WARN_BOOL_CONVERSION = YES;
				CLANG_WARN_CONSTANT_CONVERSION = YES;
				CLANG_WARN_DIRECT_OBJC_ISA_USAGE = YES_ERROR;
				CLANG_WARN_EMPTY_BODY = YES;
				CLANG_WARN_ENUM_CONVERSION = YES;
				CLANG_WARN_INT_CONVERSION = YES;
				CLANG_WARN_OBJC_ROOT_CLASS = YES_ERROR;
				CLANG_WARN_UNREACHABLE_CODE = YES;
				CLANG_WARN__DUPLICATE_METHOD_MATCH = YES;
				"CODE_SIGN_IDENTITY[sdk=iphoneos*]" = "iPhone Developer";
				COPY_PHASE_STRIP = NO;
				ENABLE_STRICT_OBJC_MSGSEND = YES;
				GCC_C_LANGUAGE_STANDARD = gnu99;
				GCC_DYNAMIC_NO_PIC = NO;
				GCC_OPTIMIZATION_LEVEL = 0;
				GCC_PREPROCESSOR_DEFINITIONS = (
					"DEBUG=1",
					"$(inherited)",
				);
				GCC_SYMBOLS_PRIVATE_EXTERN = NO;
				GCC_WARN_64_TO_32_BIT_CONVERSION = YES;
				GCC_WARN_ABOUT_RETURN_TYPE = YES_ERROR;
				GCC_WARN_UNDECLARED_SELECTOR = YES;
				GCC_WARN_UNINITIALIZED_AUTOS = YES_AGGRESSIVE;
				GCC_WARN_UNUSED_FUNCTION = YES;
				GCC_WARN_UNUSED_VARIABLE = YES;
				IPHONEOS_DEPLOYMENT_TARGET = 8.0;
				MTL_ENABLE_DEBUG_INFO = YES;
				ONLY_ACTIVE_ARCH = YES;
				SDKROOT = iphoneos;
			};
			name = Debug;
		};
		3C9F0DAA19F129F70092AAF3 /* Release */ = {
			isa = XCBuildConfiguration;
			buildSettings = {
				ALWAYS_SEARCH_USER_PATHS = NO;
				CLANG_CXX_LANGUAGE_STANDARD = "gnu++0x";
				CLANG_CXX_LIBRARY = "libc++";
				CLANG_ENABLE_MODULES = YES;
				CLANG_ENABLE_OBJC_ARC = YES;
				CLANG_WARN_BOOL_CONVERSION = YES;
				CLANG_WARN_CONSTANT_CONVERSION = YES;
				CLANG_WARN_DIRECT_OBJC_ISA_USAGE = YES_ERROR;
				CLANG_WARN_EMPTY_BODY = YES;
				CLANG_WARN_ENUM_CONVERSION = YES;
				CLANG_WARN_INT_CONVERSION = YES;
				CLANG_WARN_OBJC_ROOT_CLASS = YES_ERROR;
				CLANG_WARN_UNREACHABLE_CODE = YES;
				CLANG_WARN__DUPLICATE_METHOD_MATCH = YES;
				"CODE_SIGN_IDENTITY[sdk=iphoneos*]" = "iPhone Developer";
				COPY_PHASE_STRIP = YES;
				ENABLE_NS_ASSERTIONS = NO;
				ENABLE_STRICT_OBJC_MSGSEND = YES;
				GCC_C_LANGUAGE_STANDARD = gnu99;
				GCC_WARN_64_TO_32_BIT_CONVERSION = YES;
				GCC_WARN_ABOUT_RETURN_TYPE = YES_ERROR;
				GCC_WARN_UNDECLARED_SELECTOR = YES;
				GCC_WARN_UNINITIALIZED_AUTOS = YES_AGGRESSIVE;
				GCC_WARN_UNUSED_FUNCTION = YES;
				GCC_WARN_UNUSED_VARIABLE = YES;
				IPHONEOS_DEPLOYMENT_TARGET = 8.0;
				MTL_ENABLE_DEBUG_INFO = NO;
				SDKROOT = iphoneos;
				VALIDATE_PRODUCT = YES;
			};
			name = Release;
		};
		3C9F0DAC19F129F70092AAF3 /* Debug */ = {
			isa = XCBuildConfiguration;
			buildSettings = {
				ASSETCATALOG_COMPILER_APPICON_NAME = AppIcon;
				INFOPLIST_FILE = MyJSONExampli/Info.plist;
				LD_RUNPATH_SEARCH_PATHS = "$(inherited) @executable_path/Frameworks";
				PRODUCT_NAME = "$(TARGET_NAME)";
			};
			name = Debug;
		};
		3C9F0DAD19F129F70092AAF3 /* Release */ = {
			isa = XCBuildConfiguration;
			buildSettings = {
				ASSETCATALOG_COMPILER_APPICON_NAME = AppIcon;
				INFOPLIST_FILE = MyJSONExampli/Info.plist;
				LD_RUNPATH_SEARCH_PATHS = "$(inherited) @executable_path/Frameworks";
				PRODUCT_NAME = "$(TARGET_NAME)";
			};
			name = Release;
		};
		3C9F0DAF19F129F70092AAF3 /* Debug */ = {
			isa = XCBuildConfiguration;
			buildSettings = {
				BUNDLE_LOADER = "$(TEST_HOST)";
				FRAMEWORK_SEARCH_PATHS = (
					"$(SDKROOT)/Developer/Library/Frameworks",
					"$(inherited)",
				);
				GCC_PREPROCESSOR_DEFINITIONS = (
					"DEBUG=1",
					"$(inherited)",
				);
				INFOPLIST_FILE = MyJSONExampliTests/Info.plist;
				LD_RUNPATH_SEARCH_PATHS = "$(inherited) @executable_path/Frameworks @loader_path/Frameworks";
				PRODUCT_NAME = "$(TARGET_NAME)";
				TEST_HOST = "$(BUILT_PRODUCTS_DIR)/MyJSONExampli.app/MyJSONExampli";
			};
			name = Debug;
		};
		3C9F0DB019F129F70092AAF3 /* Release */ = {
			isa = XCBuildConfiguration;
			buildSettings = {
				BUNDLE_LOADER = "$(TEST_HOST)";
				FRAMEWORK_SEARCH_PATHS = (
					"$(SDKROOT)/Developer/Library/Frameworks",
					"$(inherited)",
				);
				INFOPLIST_FILE = MyJSONExampliTests/Info.plist;
				LD_RUNPATH_SEARCH_PATHS = "$(inherited) @executable_path/Frameworks @loader_path/Frameworks";
				PRODUCT_NAME = "$(TARGET_NAME)";
				TEST_HOST = "$(BUILT_PRODUCTS_DIR)/MyJSONExampli.app/MyJSONExampli";
			};
			name = Release;
		};
/* End XCBuildConfiguration section */

/* Begin XCConfigurationList section */
		3C9F0D8319F129F70092AAF3 /* Build configuration list for PBXProject "MyJSONExampli" */ = {
			isa = XCConfigurationList;
			buildConfigurations = (
				3C9F0DA919F129F70092AAF3 /* Debug */,
				3C9F0DAA19F129F70092AAF3 /* Release */,
			);
			defaultConfigurationIsVisible = 0;
			defaultConfigurationName = Release;
		};
		3C9F0DAB19F129F70092AAF3 /* Build configuration list for PBXNativeTarget "MyJSONExampli" */ = {
			isa = XCConfigurationList;
			buildConfigurations = (
				3C9F0DAC19F129F70092AAF3 /* Debug */,
				3C9F0DAD19F129F70092AAF3 /* Release */,
			);
			defaultConfigurationIsVisible = 0;
			defaultConfigurationName = Release;
		};
		3C9F0DAE19F129F70092AAF3 /* Build configuration list for PBXNativeTarget "MyJSONExampliTests" */ = {
			isa = XCConfigurationList;
			buildConfigurations = (
				3C9F0DAF19F129F70092AAF3 /* Debug */,
				3C9F0DB019F129F70092AAF3 /* Release */,
			);
			defaultConfigurationIsVisible = 0;
			defaultConfigurationName = Release;
		};
/* End XCConfigurationList section */
	};
	rootObject = 3C9F0D8019F129F70092AAF3 /* Project object */;
}
